
Microsoft Visual Studio Solution File, Format Version 12.00
# Visual Studio Version 16
VisualStudioVersion = 16.0.30413.136
MinimumVisualStudioVersion = 10.0.40219.1
Project("{FAE04EC0-301F-11D3-BF4B-00C04F79EFBC}") = "StringRotator", "StringRotator\StringRotator.csproj", "{868E386A-2C47-4AF3-8459-B9C95EF2D3F9}"
EndProject
Global
	GlobalSection(SolutionConfigurationPlatforms) = preSolution
		Debug|Any CPU = Debug|Any CPU
		Release|Any CPU = Release|Any CPU
	EndGlobalSection
	GlobalSection(ProjectConfigurationPlatforms) = postSolution
		{868E386A-2C47-4AF3-8459-B9C95EF2D3F9}.Debug|Any CPU.ActiveCfg = Debug|Any CPU
		{868E386A-2C47-4AF3-8459-B9C95EF2D3F9}.Debug|Any CPU.Build.0 = Debug|Any CPU
		{868E386A-2C47-4AF3-8459-B9C95EF2D3F9}.Release|Any CPU.ActiveCfg = Release|Any CPU
		{868E386A-2C47-4AF3-8459-B9C95EF2D3F9}.Release|Any CPU.Build.0 = Release|Any CPU
	EndGlobalSection
	GlobalSection(SolutionProperties) = preSolution
		HideSolutionNode = FALSE
	EndGlobalSection
	GlobalSection(ExtensibilityGlobals) = postSolution
		SolutionGuid = {0A382EB5-43E4-490E-B5A1-5D3C9026DE60}
	EndGlobalSection
EndGlobal
